// !$*UTF8*$!
{
	archiveVersion = 1;
	classes = {
	};
	objectVersion = 46;
	objects = {

/* Begin PBXBuildFile section */
		03AFB3721992A84300A4B773 /* AppDelegate.swift in Sources */ = {isa = PBXBuildFile; fileRef = 03AFB3711992A84300A4B773 /* AppDelegate.swift */; };
		03AFB3741992A84300A4B773 /* ViewController.swift in Sources */ = {isa = PBXBuildFile; fileRef = 03AFB3731992A84300A4B773 /* ViewController.swift */; };
		03AFB3771992A84300A4B773 /* Main.storyboard in Resources */ = {isa = PBXBuildFile; fileRef = 03AFB3751992A84300A4B773 /* Main.storyboard */; };
		03AFB3791992A84300A4B773 /* Images.xcassets in Resources */ = {isa = PBXBuildFile; fileRef = 03AFB3781992A84300A4B773 /* Images.xcassets */; };
		03AFB3851992A84300A4B773 /* dewdueTests.swift in Sources */ = {isa = PBXBuildFile; fileRef = 03AFB3841992A84300A4B773 /* dewdueTests.swift */; };
		03B968F319940BCE007007E5 /* tile.1.png in Resources */ = {isa = PBXBuildFile; fileRef = 03B968F219940BCE007007E5 /* tile.1.png */; };
		03B968F519940C27007007E5 /* tile.2.png in Resources */ = {isa = PBXBuildFile; fileRef = 03B968F419940C27007007E5 /* tile.2.png */; };
		03B968F719940CDE007007E5 /* tile.3.png in Resources */ = {isa = PBXBuildFile; fileRef = 03B968F619940CDE007007E5 /* tile.3.png */; };
		03F568131A48703100B792A6 /* alarm_tone.wav in Resources */ = {isa = PBXBuildFile; fileRef = 03F568121A48703100B792A6 /* alarm_tone.wav */; };
		572D723C1A72925100B504DD /* AVFoundation.framework in Frameworks */ = {isa = PBXBuildFile; fileRef = 572D723B1A72925100B504DD /* AVFoundation.framework */; };
		572D72421A72944A00B504DD /* AudioToolbox.framework in Frameworks */ = {isa = PBXBuildFile; fileRef = 572D72411A72944A00B504DD /* AudioToolbox.framework */; };
		572D72471A7297FB00B504DD /* audio.release.wav in Resources */ = {isa = PBXBuildFile; fileRef = 572D72451A7297FB00B504DD /* audio.release.wav */; };
		572D72481A7297FB00B504DD /* audio.touch.wav in Resources */ = {isa = PBXBuildFile; fileRef = 572D72461A7297FB00B504DD /* audio.touch.wav */; };
		572D724A1A7299CB00B504DD /* audio.bar.mp3 in Resources */ = {isa = PBXBuildFile; fileRef = 572D72491A7299CB00B504DD /* audio.bar.mp3 */; };
		57D6AE851AFF83E900D1BEFA /* segueFade.m in Sources */ = {isa = PBXBuildFile; fileRef = 57D6AE801AFF83E900D1BEFA /* segueFade.m */; };
		57D6AE861AFF83E900D1BEFA /* splash.logo.png in Resources */ = {isa = PBXBuildFile; fileRef = 57D6AE811AFF83E900D1BEFA /* splash.logo.png */; };
		57D6AE871AFF83E900D1BEFA /* splash.tune.wav in Resources */ = {isa = PBXBuildFile; fileRef = 57D6AE821AFF83E900D1BEFA /* splash.tune.wav */; };
		57D6AE881AFF83E900D1BEFA /* xxiivvSplash.m in Sources */ = {isa = PBXBuildFile; fileRef = 57D6AE841AFF83E900D1BEFA /* xxiivvSplash.m */; };
/* End PBXBuildFile section */

/* Begin PBXContainerItemProxy section */
		03AFB37F1992A84300A4B773 /* PBXContainerItemProxy */ = {
			isa = PBXContainerItemProxy;
			containerPortal = 03AFB3641992A84300A4B773 /* Project object */;
			proxyType = 1;
			remoteGlobalIDString = 03AFB36B1992A84300A4B773;
			remoteInfo = dewdue;
		};
/* End PBXContainerItemProxy section */

/* Begin PBXFileReference section */
		03AFB36C1992A84300A4B773 /* Dew.app */ = {isa = PBXFileReference; explicitFileType = wrapper.application; includeInIndex = 0; path = Dew.app; sourceTree = BUILT_PRODUCTS_DIR; };
		03AFB3701992A84300A4B773 /* Info.plist */ = {isa = PBXFileReference; lastKnownFileType = text.plist.xml; path = Info.plist; sourceTree = "<group>"; };
		03AFB3711992A84300A4B773 /* AppDelegate.swift */ = {isa = PBXFileReference; lastKnownFileType = sourcecode.swift; path = AppDelegate.swift; sourceTree = "<group>"; };
		03AFB3731992A84300A4B773 /* ViewController.swift */ = {isa = PBXFileReference; lastKnownFileType = sourcecode.swift; path = ViewController.swift; sourceTree = "<group>"; };
		03AFB3761992A84300A4B773 /* Base */ = {isa = PBXFileReference; lastKnownFileType = file.storyboard; name = Base; path = Base.lproj/Main.storyboard; sourceTree = "<group>"; };
		03AFB3781992A84300A4B773 /* Images.xcassets */ = {isa = PBXFileReference; lastKnownFileType = folder.assetcatalog; path = Images.xcassets; sourceTree = "<group>"; };
		03AFB37E1992A84300A4B773 /* DewTests.xctest */ = {isa = PBXFileReference; explicitFileType = wrapper.cfbundle; includeInIndex = 0; path = DewTests.xctest; sourceTree = BUILT_PRODUCTS_DIR; };
		03AFB3831992A84300A4B773 /* Info.plist */ = {isa = PBXFileReference; lastKnownFileType = text.plist.xml; path = Info.plist; sourceTree = "<group>"; };
		03AFB3841992A84300A4B773 /* dewdueTests.swift */ = {isa = PBXFileReference; lastKnownFileType = sourcecode.swift; path = dewdueTests.swift; sourceTree = "<group>"; };
		03B968F219940BCE007007E5 /* tile.1.png */ = {isa = PBXFileReference; lastKnownFileType = image.png; path = tile.1.png; sourceTree = "<group>"; };
		03B968F419940C27007007E5 /* tile.2.png */ = {isa = PBXFileReference; lastKnownFileType = image.png; path = tile.2.png; sourceTree = "<group>"; };
		03B968F619940CDE007007E5 /* tile.3.png */ = {isa = PBXFileReference; lastKnownFileType = image.png; path = tile.3.png; sourceTree = "<group>"; };
		03F568121A48703100B792A6 /* alarm_tone.wav */ = {isa = PBXFileReference; lastKnownFileType = audio.wav; path = alarm_tone.wav; sourceTree = "<group>"; };
		572D723B1A72925100B504DD /* AVFoundation.framework */ = {isa = PBXFileReference; lastKnownFileType = wrapper.framework; name = AVFoundation.framework; path = System/Library/Frameworks/AVFoundation.framework; sourceTree = SDKROOT; };
		572D72411A72944A00B504DD /* AudioToolbox.framework */ = {isa = PBXFileReference; lastKnownFileType = wrapper.framework; name = AudioToolbox.framework; path = System/Library/Frameworks/AudioToolbox.framework; sourceTree = SDKROOT; };
		572D72451A7297FB00B504DD /* audio.release.wav */ = {isa = PBXFileReference; lastKnownFileType = audio.wav; path = audio.release.wav; sourceTree = "<group>"; };
		572D72461A7297FB00B504DD /* audio.touch.wav */ = {isa = PBXFileReference; lastKnownFileType = audio.wav; path = audio.touch.wav; sourceTree = "<group>"; };
		572D72491A7299CB00B504DD /* audio.bar.mp3 */ = {isa = PBXFileReference; lastKnownFileType = audio.mp3; path = audio.bar.mp3; sourceTree = "<group>"; };
		57D6AE7F1AFF83E900D1BEFA /* segueFade.h */ = {isa = PBXFileReference; fileEncoding = 4; lastKnownFileType = sourcecode.c.h; path = segueFade.h; sourceTree = "<group>"; };
		57D6AE801AFF83E900D1BEFA /* segueFade.m */ = {isa = PBXFileReference; fileEncoding = 4; lastKnownFileType = sourcecode.c.objc; path = segueFade.m; sourceTree = "<group>"; };
		57D6AE811AFF83E900D1BEFA /* splash.logo.png */ = {isa = PBXFileReference; lastKnownFileType = image.png; path = splash.logo.png; sourceTree = "<group>"; };
		57D6AE821AFF83E900D1BEFA /* splash.tune.wav */ = {isa = PBXFileReference; lastKnownFileType = audio.wav; path = splash.tune.wav; sourceTree = "<group>"; };
		57D6AE831AFF83E900D1BEFA /* xxiivvSplash.h */ = {isa = PBXFileReference; fileEncoding = 4; lastKnownFileType = sourcecode.c.h; path = xxiivvSplash.h; sourceTree = "<group>"; };
		57D6AE841AFF83E900D1BEFA /* xxiivvSplash.m */ = {isa = PBXFileReference; fileEncoding = 4; lastKnownFileType = sourcecode.c.objc; path = xxiivvSplash.m; sourceTree = "<group>"; };
/* End PBXFileReference section */

/* Begin PBXFrameworksBuildPhase section */
		03AFB3691992A84300A4B773 /* Frameworks */ = {
			isa = PBXFrameworksBuildPhase;
			buildActionMask = 2147483647;
			files = (
				572D72421A72944A00B504DD /* AudioToolbox.framework in Frameworks */,
				572D723C1A72925100B504DD /* AVFoundation.framework in Frameworks */,
			);
			runOnlyForDeploymentPostprocessing = 0;
		};
		03AFB37B1992A84300A4B773 /* Frameworks */ = {
			isa = PBXFrameworksBuildPhase;
			buildActionMask = 2147483647;
			files = (
			);
			runOnlyForDeploymentPostprocessing = 0;
		};
/* End PBXFrameworksBuildPhase section */

/* Begin PBXGroup section */
		03AFB3631992A84300A4B773 = {
			isa = PBXGroup;
			children = (
				572D72411A72944A00B504DD /* AudioToolbox.framework */,
				572D723B1A72925100B504DD /* AVFoundation.framework */,
				03AFB36E1992A84300A4B773 /* dewdue */,
				03AFB3811992A84300A4B773 /* dewdueTests */,
				03AFB36D1992A84300A4B773 /* Products */,
			);
			sourceTree = "<group>";
		};
		03AFB36D1992A84300A4B773 /* Products */ = {
			isa = PBXGroup;
			children = (
				03AFB36C1992A84300A4B773 /* Dew.app */,
				03AFB37E1992A84300A4B773 /* DewTests.xctest */,
			);
			name = Products;
			sourceTree = "<group>";
		};
		03AFB36E1992A84300A4B773 /* dewdue */ = {
			isa = PBXGroup;
			children = (
				57D6AE7E1AFF836E00D1BEFA /* Splash */,
				572D72491A7299CB00B504DD /* audio.bar.mp3 */,
				572D72451A7297FB00B504DD /* audio.release.wav */,
				572D72461A7297FB00B504DD /* audio.touch.wav */,
				03F568121A48703100B792A6 /* alarm_tone.wav */,
				03B968F619940CDE007007E5 /* tile.3.png */,
				03B968F419940C27007007E5 /* tile.2.png */,
				03B968F219940BCE007007E5 /* tile.1.png */,
				03AFB3711992A84300A4B773 /* AppDelegate.swift */,
				03AFB3731992A84300A4B773 /* ViewController.swift */,
				03AFB3751992A84300A4B773 /* Main.storyboard */,
				03AFB3781992A84300A4B773 /* Images.xcassets */,
				03AFB36F1992A84300A4B773 /* Supporting Files */,
			);
			path = dewdue;
			sourceTree = "<group>";
		};
		03AFB36F1992A84300A4B773 /* Supporting Files */ = {
			isa = PBXGroup;
			children = (
				03AFB3701992A84300A4B773 /* Info.plist */,
			);
			name = "Supporting Files";
			sourceTree = "<group>";
		};
		03AFB3811992A84300A4B773 /* dewdueTests */ = {
			isa = PBXGroup;
			children = (
				03AFB3841992A84300A4B773 /* dewdueTests.swift */,
				03AFB3821992A84300A4B773 /* Supporting Files */,
			);
			path = dewdueTests;
			sourceTree = "<group>";
		};
		03AFB3821992A84300A4B773 /* Supporting Files */ = {
			isa = PBXGroup;
			children = (
				03AFB3831992A84300A4B773 /* Info.plist */,
			);
			name = "Supporting Files";
			sourceTree = "<group>";
		};
		57D6AE7E1AFF836E00D1BEFA /* Splash */ = {
			isa = PBXGroup;
			children = (
				57D6AE7F1AFF83E900D1BEFA /* segueFade.h */,
				57D6AE801AFF83E900D1BEFA /* segueFade.m */,
				57D6AE811AFF83E900D1BEFA /* splash.logo.png */,
				57D6AE821AFF83E900D1BEFA /* splash.tune.wav */,
				57D6AE831AFF83E900D1BEFA /* xxiivvSplash.h */,
				57D6AE841AFF83E900D1BEFA /* xxiivvSplash.m */,
			);
			name = Splash;
			sourceTree = "<group>";
		};
/* End PBXGroup section */

/* Begin PBXNativeTarget section */
		03AFB36B1992A84300A4B773 /* Dew */ = {
			isa = PBXNativeTarget;
			buildConfigurationList = 03AFB3881992A84300A4B773 /* Build configuration list for PBXNativeTarget "Dew" */;
			buildPhases = (
				03AFB3681992A84300A4B773 /* Sources */,
				03AFB3691992A84300A4B773 /* Frameworks */,
				03AFB36A1992A84300A4B773 /* Resources */,
			);
			buildRules = (
			);
			dependencies = (
			);
			name = Dew;
			productName = dewdue;
			productReference = 03AFB36C1992A84300A4B773 /* Dew.app */;
			productType = "com.apple.product-type.application";
		};
		03AFB37D1992A84300A4B773 /* DewTests */ = {
			isa = PBXNativeTarget;
			buildConfigurationList = 03AFB38B1992A84300A4B773 /* Build configuration list for PBXNativeTarget "DewTests" */;
			buildPhases = (
				03AFB37A1992A84300A4B773 /* Sources */,
				03AFB37B1992A84300A4B773 /* Frameworks */,
				03AFB37C1992A84300A4B773 /* Resources */,
			);
			buildRules = (
			);
			dependencies = (
				03AFB3801992A84300A4B773 /* PBXTargetDependency */,
			);
			name = DewTests;
			productName = dewdueTests;
			productReference = 03AFB37E1992A84300A4B773 /* DewTests.xctest */;
			productType = "com.apple.product-type.bundle.unit-test";
		};
/* End PBXNativeTarget section */

/* Begin PBXProject section */
		03AFB3641992A84300A4B773 /* Project object */ = {
			isa = PBXProject;
			attributes = {
				LastUpgradeCheck = 0600;
				ORGANIZATIONNAME = XXIIVV;
				TargetAttributes = {
					03AFB36B1992A84300A4B773 = {
						CreatedOnToolsVersion = 6.0;
						DevelopmentTeam = B948MFAE5C;
					};
					03AFB37D1992A84300A4B773 = {
						CreatedOnToolsVersion = 6.0;
						DevelopmentTeam = B948MFAE5C;
						TestTargetID = 03AFB36B1992A84300A4B773;
					};
				};
			};
			buildConfigurationList = 03AFB3671992A84300A4B773 /* Build configuration list for PBXProject "Dew" */;
			compatibilityVersion = "Xcode 3.2";
			developmentRegion = English;
			hasScannedForEncodings = 0;
			knownRegions = (
				en,
				Base,
			);
			mainGroup = 03AFB3631992A84300A4B773;
			productRefGroup = 03AFB36D1992A84300A4B773 /* Products */;
			projectDirPath = "";
			projectRoot = "";
			targets = (
				03AFB36B1992A84300A4B773 /* Dew */,
				03AFB37D1992A84300A4B773 /* DewTests */,
			);
		};
/* End PBXProject section */

/* Begin PBXResourcesBuildPhase section */
		03AFB36A1992A84300A4B773 /* Resources */ = {
			isa = PBXResourcesBuildPhase;
			buildActionMask = 2147483647;
			files = (
				03B968F319940BCE007007E5 /* tile.1.png in Resources */,
				03AFB3771992A84300A4B773 /* Main.storyboard in Resources */,
				57D6AE861AFF83E900D1BEFA /* splash.logo.png in Resources */,
				57D6AE871AFF83E900D1BEFA /* splash.tune.wav in Resources */,
				03F568131A48703100B792A6 /* alarm_tone.wav in Resources */,
				572D72471A7297FB00B504DD /* audio.release.wav in Resources */,
				03AFB3791992A84300A4B773 /* Images.xcassets in Resources */,
				03B968F719940CDE007007E5 /* tile.3.png in Resources */,
				572D72481A7297FB00B504DD /* audio.touch.wav in Resources */,
				572D724A1A7299CB00B504DD /* audio.bar.mp3 in Resources */,
				03B968F519940C27007007E5 /* tile.2.png in Resources */,
			);
			runOnlyForDeploymentPostprocessing = 0;
		};
		03AFB37C1992A84300A4B773 /* Resources */ = {
			isa = PBXResourcesBuildPhase;
			buildActionMask = 2147483647;
			files = (
			);
			runOnlyForDeploymentPostprocessing = 0;
		};
/* End PBXResourcesBuildPhase section */

/* Begin PBXSourcesBuildPhase section */
		03AFB3681992A84300A4B773 /* Sources */ = {
			isa = PBXSourcesBuildPhase;
			buildActionMask = 2147483647;
			files = (
				03AFB3741992A84300A4B773 /* ViewController.swift in Sources */,
				57D6AE851AFF83E900D1BEFA /* segueFade.m in Sources */,
				57D6AE881AFF83E900D1BEFA /* xxiivvSplash.m in Sources */,
				03AFB3721992A84300A4B773 /* AppDelegate.swift in Sources */,
			);
			runOnlyForDeploymentPostprocessing = 0;
		};
		03AFB37A1992A84300A4B773 /* Sources */ = {
			isa = PBXSourcesBuildPhase;
			buildActionMask = 2147483647;
			files = (
				03AFB3851992A84300A4B773 /* dewdueTests.swift in Sources */,
			);
			runOnlyForDeploymentPostprocessing = 0;
		};
/* End PBXSourcesBuildPhase section */

/* Begin PBXTargetDependency section */
		03AFB3801992A84300A4B773 /* PBXTargetDependency */ = {
			isa = PBXTargetDependency;
			target = 03AFB36B1992A84300A4B773 /* Dew */;
			targetProxy = 03AFB37F1992A84300A4B773 /* PBXContainerItemProxy */;
		};
/* End PBXTargetDependency section */

/* Begin PBXVariantGroup section */
		03AFB3751992A84300A4B773 /* Main.storyboard */ = {
			isa = PBXVariantGroup;
			children = (
				03AFB3761992A84300A4B773 /* Base */,
			);
			name = Main.storyboard;
			sourceTree = "<group>";
		};
/* End PBXVariantGroup section */

/* Begin XCBuildConfiguration section */
		03AFB3861992A84300A4B773 /* Debug */ = {
			isa = XCBuildConfiguration;
			buildSettings = {
				ALWAYS_SEARCH_USER_PATHS = NO;
				CLANG_CXX_LANGUAGE_STANDARD = "gnu++0x";
				CLANG_CXX_LIBRARY = "libc++";
				CLANG_ENABLE_MODULES = YES;
				CLANG_ENABLE_OBJC_ARC = YES;
				CLANG_WARN_BOOL_CONVERSION = YES;
				CLANG_WARN_CONSTANT_CONVERSION = YES;
				CLANG_WARN_DIRECT_OBJC_ISA_USAGE = YES_ERROR;
				CLANG_WARN_EMPTY_BODY = YES;
				CLANG_WARN_ENUM_CONVERSION = YES;
				CLANG_WARN_INT_CONVERSION = YES;
				CLANG_WARN_OBJC_ROOT_CLASS = YES_ERROR;
				CLANG_WARN_UNREACHABLE_CODE = YES;
				CLANG_WARN__DUPLICATE_METHOD_MATCH = YES;
				"CODE_SIGN_IDENTITY[sdk=iphoneos*]" = "iPhone Developer";
				COPY_PHASE_STRIP = NO;
				ENABLE_STRICT_OBJC_MSGSEND = YES;
				GCC_C_LANGUAGE_STANDARD = gnu99;
				GCC_DYNAMIC_NO_PIC = NO;
				GCC_OPTIMIZATION_LEVEL = 0;
				GCC_PREPROCESSOR_DEFINITIONS = (
					"DEBUG=1",
					"$(inherited)",
				);
				GCC_SYMBOLS_PRIVATE_EXTERN = NO;
				GCC_WARN_64_TO_32_BIT_CONVERSION = YES;
				GCC_WARN_ABOUT_RETURN_TYPE = YES_ERROR;
				GCC_WARN_UNDECLARED_SELECTOR = YES;
				GCC_WARN_UNINITIALIZED_AUTOS = YES_AGGRESSIVE;
				GCC_WARN_UNUSED_FUNCTION = YES;
				GCC_WARN_UNUSED_VARIABLE = YES;
				IPHONEOS_DEPLOYMENT_TARGET = 8.0;
				MTL_ENABLE_DEBUG_INFO = YES;
				ONLY_ACTIVE_ARCH = YES;
				SDKROOT = iphoneos;
				SWIFT_OPTIMIZATION_LEVEL = "-Onone";
			};
			name = Debug;
		};
		03AFB3871992A84300A4B773 /* Release */ = {
			isa = XCBuildConfiguration;
			buildSettings = {
				ALWAYS_SEARCH_USER_PATHS = NO;
				CLANG_CXX_LANGUAGE_STANDARD = "gnu++0x";
				CLANG_CXX_LIBRARY = "libc++";
				CLANG_ENABLE_MODULES = YES;
				CLANG_ENABLE_OBJC_ARC = YES;
				CLANG_WARN_BOOL_CONVERSION = YES;
				CLANG_WARN_CONSTANT_CONVERSION = YES;
				CLANG_WARN_DIRECT_OBJC_ISA_USAGE = YES_ERROR;
				CLANG_WARN_EMPTY_BODY = YES;
				CLANG_WARN_ENUM_CONVERSION = YES;
				CLANG_WARN_INT_CONVERSION = YES;
				CLANG_WARN_OBJC_ROOT_CLASS = YES_ERROR;
				CLANG_WARN_UNREACHABLE_CODE = YES;
				CLANG_WARN__DUPLICATE_METHOD_MATCH = YES;
				"CODE_SIGN_IDENTITY[sdk=iphoneos*]" = "iPhone Developer";
				COPY_PHASE_STRIP = YES;
				ENABLE_NS_ASSERTIONS = NO;
				ENABLE_STRICT_OBJC_MSGSEND = YES;
				GCC_C_LANGUAGE_STANDARD = gnu99;
				GCC_WARN_64_TO_32_BIT_CONVERSION = YES;
				GCC_WARN_ABOUT_RETURN_TYPE = YES_ERROR;
				GCC_WARN_UNDECLARED_SELECTOR = YES;
				GCC_WARN_UNINITIALIZED_AUTOS = YES_AGGRESSIVE;
				GCC_WARN_UNUSED_FUNCTION = YES;
				GCC_WARN_UNUSED_VARIABLE = YES;
				IPHONEOS_DEPLOYMENT_TARGET = 8.0;
				MTL_ENABLE_DEBUG_INFO = NO;
				SDKROOT = iphoneos;
				VALIDATE_PRODUCT = YES;
			};
			name = Release;
		};
		03AFB3891992A84300A4B773 /* Debug */ = {
			isa = XCBuildConfiguration;
			buildSettings = {
				ASSETCATALOG_COMPILER_APPICON_NAME = AppIcon;
				ASSETCATALOG_COMPILER_LAUNCHIMAGE_NAME = LaunchImage;
				CODE_SIGN_IDENTITY = "iPhone Developer";
				"CODE_SIGN_IDENTITY[sdk=iphoneos*]" = "iPhone Developer";
				INFOPLIST_FILE = dewdue/Info.plist;
				LD_RUNPATH_SEARCH_PATHS = "$(inherited) @executable_path/Frameworks";
				PRODUCT_NAME = Dew;
				PROVISIONING_PROFILE = "";
			};
			name = Debug;
		};
		03AFB38A1992A84300A4B773 /* Release */ = {
			isa = XCBuildConfiguration;
			buildSettings = {
				ASSETCATALOG_COMPILER_APPICON_NAME = AppIcon;
				ASSETCATALOG_COMPILER_LAUNCHIMAGE_NAME = LaunchImage;
				CODE_SIGN_IDENTITY = "iPhone Developer";
				"CODE_SIGN_IDENTITY[sdk=iphoneos*]" = "iPhone Developer";
				INFOPLIST_FILE = dewdue/Info.plist;
				LD_RUNPATH_SEARCH_PATHS = "$(inherited) @executable_path/Frameworks";
				PRODUCT_NAME = Dew;
				PROVISIONING_PROFILE = "";
			};
			name = Release;
		};
		03AFB38C1992A84300A4B773 /* Debug */ = {
			isa = XCBuildConfiguration;
			buildSettings = {
				BUNDLE_LOADER = "$(TEST_HOST)";
				FRAMEWORK_SEARCH_PATHS = (
					"$(SDKROOT)/Developer/Library/Frameworks",
					"$(inherited)",
				);
				GCC_PREPROCESSOR_DEFINITIONS = (
					"DEBUG=1",
					"$(inherited)",
				);
				INFOPLIST_FILE = dewdueTests/Info.plist;
				LD_RUNPATH_SEARCH_PATHS = "$(inherited) @executable_path/Frameworks @loader_path/Frameworks";
				PRODUCT_NAME = DewTests;
				TEST_HOST = "$(BUILT_PRODUCTS_DIR)/Dew.app/Dew";
			};
			name = Debug;
		};
		03AFB38D1992A84300A4B773 /* Release */ = {
			isa = XCBuildConfiguration;
			buildSettings = {
				BUNDLE_LOADER = "$(TEST_HOST)";
				FRAMEWORK_SEARCH_PATHS = (
					"$(SDKROOT)/Developer/Library/Frameworks",
					"$(inherited)",
				);
				INFOPLIST_FILE = dewdueTests/Info.plist;
				LD_RUNPATH_SEARCH_PATHS = "$(inherited) @executable_path/Frameworks @loader_path/Frameworks";
				PRODUCT_NAME = DewTests;
				TEST_HOST = "$(BUILT_PRODUCTS_DIR)/Dew.app/Dew";
			};
			name = Release;
		};
/* End XCBuildConfiguration section */

/* Begin XCConfigurationList section */
		03AFB3671992A84300A4B773 /* Build configuration list for PBXProject "Dew" */ = {
			isa = XCConfigurationList;
			buildConfigurations = (
				03AFB3861992A84300A4B773 /* Debug */,
				03AFB3871992A84300A4B773 /* Release */,
			);
			defaultConfigurationIsVisible = 0;
			defaultConfigurationName = Release;
		};
		03AFB3881992A84300A4B773 /* Build configuration list for PBXNativeTarget "Dew" */ = {
			isa = XCConfigurationList;
			buildConfigurations = (
				03AFB3891992A84300A4B773 /* Debug */,
				03AFB38A1992A84300A4B773 /* Release */,
			);
			defaultConfigurationIsVisible = 0;
			defaultConfigurationName = Release;
		};
		03AFB38B1992A84300A4B773 /* Build configuration list for PBXNativeTarget "DewTests" */ = {
			isa = XCConfigurationList;
			buildConfigurations = (
				03AFB38C1992A84300A4B773 /* Debug */,
				03AFB38D1992A84300A4B773 /* Release */,
			);
			defaultConfigurationIsVisible = 0;
			defaultConfigurationName = Release;
		};
/* End XCConfigurationList section */
	};
	rootObject = 03AFB3641992A84300A4B773 /* Project object */;
}
